
Microsoft Visual Studio Solution File, Format Version 12.00
# Visual Studio Version 17
VisualStudioVersion = 17.9.34622.214
MinimumVisualStudioVersion = 10.0.40219.1
Project("{FAE04EC0-301F-11D3-BF4B-00C04F79EFBC}") = "calcu", "calcu\calcu.csproj", "{B9C4CFBC-0157-40B5-8A20-40D694D9FA0F}"
EndProject
Global
	GlobalSection(SolutionConfigurationPlatforms) = preSolution
		Debug|Any CPU = Debug|Any CPU
		Release|Any CPU = Release|Any CPU
	EndGlobalSection
	GlobalSection(ProjectConfigurationPlatforms) = postSolution
		{B9C4CFBC-0157-40B5-8A20-40D694D9FA0F}.Debug|Any CPU.ActiveCfg = Debug|Any CPU
		{B9C4CFBC-0157-40B5-8A20-40D694D9FA0F}.Debug|Any CPU.Build.0 = Debug|Any CPU
		{B9C4CFBC-0157-40B5-8A20-40D694D9FA0F}.Release|Any CPU.ActiveCfg = Release|Any CPU
		{B9C4CFBC-0157-40B5-8A20-40D694D9FA0F}.Release|Any CPU.Build.0 = Release|Any CPU
	EndGlobalSection
	GlobalSection(SolutionProperties) = preSolution
		HideSolutionNode = FALSE
	EndGlobalSection
	GlobalSection(ExtensibilityGlobals) = postSolution
		SolutionGuid = {18505F26-E23F-4D7D-9ED4-DF90581BAF53}
	EndGlobalSection
EndGlobal
